
Microsoft Visual Studio Solution File, Format Version 12.00
# Visual Studio Version 16
VisualStudioVersion = 16.0.31112.23
MinimumVisualStudioVersion = 10.0.40219.1
Project("{FAE04EC0-301F-11D3-BF4B-00C04F79EFBC}") = "CarRentalService", "CarRentalService\CarRentalService.csproj", "{B8EB644A-06B3-4E3A-913C-C6B9A1F97AA4}"
EndProject
Global
	GlobalSection(SolutionConfigurationPlatforms) = preSolution
		Debug|Any CPU = Debug|Any CPU
		Release|Any CPU = Release|Any CPU
	EndGlobalSection
	GlobalSection(ProjectConfigurationPlatforms) = postSolution
		{B8EB644A-06B3-4E3A-913C-C6B9A1F97AA4}.Debug|Any CPU.ActiveCfg = Debug|Any CPU
		{B8EB644A-06B3-4E3A-913C-C6B9A1F97AA4}.Debug|Any CPU.Build.0 = Debug|Any CPU
		{B8EB644A-06B3-4E3A-913C-C6B9A1F97AA4}.Release|Any CPU.ActiveCfg = Release|Any CPU
		{B8EB644A-06B3-4E3A-913C-C6B9A1F97AA4}.Release|Any CPU.Build.0 = Release|Any CPU
	EndGlobalSection
	GlobalSection(SolutionProperties) = preSolution
		HideSolutionNode = FALSE
	EndGlobalSection
	GlobalSection(ExtensibilityGlobals) = postSolution
		SolutionGuid = {105BF1D4-FF11-451D-839A-DFFC6D125932}
	EndGlobalSection
EndGlobal
